// !$*UTF8*$!
{
	archiveVersion = 1;
	classes = {
	};
	objectVersion = 46;
	objects = {

/* Begin PBXBuildFile section */
		5CC79CAB19F64F0000BD7F7F /* main.m in Sources */ = {isa = PBXBuildFile; fileRef = 5CC79CAA19F64F0000BD7F7F /* main.m */; };
		5CC79CAE19F64F0000BD7F7F /* AppDelegate.m in Sources */ = {isa = PBXBuildFile; fileRef = 5CC79CAD19F64F0000BD7F7F /* AppDelegate.m */; };
		5CC79CB019F64F0000BD7F7F /* Images.xcassets in Resources */ = {isa = PBXBuildFile; fileRef = 5CC79CAF19F64F0000BD7F7F /* Images.xcassets */; };
		5CC79CB319F64F0000BD7F7F /* MainMenu.xib in Resources */ = {isa = PBXBuildFile; fileRef = 5CC79CB119F64F0000BD7F7F /* MainMenu.xib */; };
		5CC79CBF19F64F0000BD7F7F /* ListenTextChangeTests.m in Sources */ = {isa = PBXBuildFile; fileRef = 5CC79CBE19F64F0000BD7F7F /* ListenTextChangeTests.m */; };
/* End PBXBuildFile section */

/* Begin PBXContainerItemProxy section */
		5CC79CB919F64F0000BD7F7F /* PBXContainerItemProxy */ = {
			isa = PBXContainerItemProxy;
			containerPortal = 5CC79C9D19F64F0000BD7F7F /* Project object */;
			proxyType = 1;
			remoteGlobalIDString = 5CC79CA419F64F0000BD7F7F;
			remoteInfo = ListenTextChange;
		};
/* End PBXContainerItemProxy section */

/* Begin PBXFileReference section */
		5CC79CA519F64F0000BD7F7F /* ListenTextChange.app */ = {isa = PBXFileReference; explicitFileType = wrapper.application; includeInIndex = 0; path = ListenTextChange.app; sourceTree = BUILT_PRODUCTS_DIR; };
		5CC79CA919F64F0000BD7F7F /* Info.plist */ = {isa = PBXFileReference; lastKnownFileType = text.plist.xml; path = Info.plist; sourceTree = "<group>"; };
		5CC79CAA19F64F0000BD7F7F /* main.m */ = {isa = PBXFileReference; lastKnownFileType = sourcecode.c.objc; path = main.m; sourceTree = "<group>"; };
		5CC79CAC19F64F0000BD7F7F /* AppDelegate.h */ = {isa = PBXFileReference; lastKnownFileType = sourcecode.c.h; path = AppDelegate.h; sourceTree = "<group>"; };
		5CC79CAD19F64F0000BD7F7F /* AppDelegate.m */ = {isa = PBXFileReference; lastKnownFileType = sourcecode.c.objc; path = AppDelegate.m; sourceTree = "<group>"; };
		5CC79CAF19F64F0000BD7F7F /* Images.xcassets */ = {isa = PBXFileReference; lastKnownFileType = folder.assetcatalog; path = Images.xcassets; sourceTree = "<group>"; };
		5CC79CB219F64F0000BD7F7F /* Base */ = {isa = PBXFileReference; lastKnownFileType = file.xib; name = Base; path = Base.lproj/MainMenu.xib; sourceTree = "<group>"; };
		5CC79CB819F64F0000BD7F7F /* ListenTextChangeTests.xctest */ = {isa = PBXFileReference; explicitFileType = wrapper.cfbundle; includeInIndex = 0; path = ListenTextChangeTests.xctest; sourceTree = BUILT_PRODUCTS_DIR; };
		5CC79CBD19F64F0000BD7F7F /* Info.plist */ = {isa = PBXFileReference; lastKnownFileType = text.plist.xml; path = Info.plist; sourceTree = "<group>"; };
		5CC79CBE19F64F0000BD7F7F /* ListenTextChangeTests.m */ = {isa = PBXFileReference; lastKnownFileType = sourcecode.c.objc; path = ListenTextChangeTests.m; sourceTree = "<group>"; };
/* End PBXFileReference section */

/* Begin PBXFrameworksBuildPhase section */
		5CC79CA219F64F0000BD7F7F /* Frameworks */ = {
			isa = PBXFrameworksBuildPhase;
			buildActionMask = 2147483647;
			files = (
			);
			runOnlyForDeploymentPostprocessing = 0;
		};
		5CC79CB519F64F0000BD7F7F /* Frameworks */ = {
			isa = PBXFrameworksBuildPhase;
			buildActionMask = 2147483647;
			files = (
			);
			runOnlyForDeploymentPostprocessing = 0;
		};
/* End PBXFrameworksBuildPhase section */

/* Begin PBXGroup section */
		5CC79C9C19F64F0000BD7F7F = {
			isa = PBXGroup;
			children = (
				5CC79CA719F64F0000BD7F7F /* ListenTextChange */,
				5CC79CBB19F64F0000BD7F7F /* ListenTextChangeTests */,
				5CC79CA619F64F0000BD7F7F /* Products */,
			);
			sourceTree = "<group>";
		};
		5CC79CA619F64F0000BD7F7F /* Products */ = {
			isa = PBXGroup;
			children = (
				5CC79CA519F64F0000BD7F7F /* ListenTextChange.app */,
				5CC79CB819F64F0000BD7F7F /* ListenTextChangeTests.xctest */,
			);
			name = Products;
			sourceTree = "<group>";
		};
		5CC79CA719F64F0000BD7F7F /* ListenTextChange */ = {
			isa = PBXGroup;
			children = (
				5CC79CAC19F64F0000BD7F7F /* AppDelegate.h */,
				5CC79CAD19F64F0000BD7F7F /* AppDelegate.m */,
				5CC79CAF19F64F0000BD7F7F /* Images.xcassets */,
				5CC79CB119F64F0000BD7F7F /* MainMenu.xib */,
				5CC79CA819F64F0000BD7F7F /* Supporting Files */,
			);
			path = ListenTextChange;
			sourceTree = "<group>";
		};
		5CC79CA819F64F0000BD7F7F /* Supporting Files */ = {
			isa = PBXGroup;
			children = (
				5CC79CA919F64F0000BD7F7F /* Info.plist */,
				5CC79CAA19F64F0000BD7F7F /* main.m */,
			);
			name = "Supporting Files";
			sourceTree = "<group>";
		};
		5CC79CBB19F64F0000BD7F7F /* ListenTextChangeTests */ = {
			isa = PBXGroup;
			children = (
				5CC79CBE19F64F0000BD7F7F /* ListenTextChangeTests.m */,
				5CC79CBC19F64F0000BD7F7F /* Supporting Files */,
			);
			path = ListenTextChangeTests;
			sourceTree = "<group>";
		};
		5CC79CBC19F64F0000BD7F7F /* Supporting Files */ = {
			isa = PBXGroup;
			children = (
				5CC79CBD19F64F0000BD7F7F /* Info.plist */,
			);
			name = "Supporting Files";
			sourceTree = "<group>";
		};
/* End PBXGroup section */

/* Begin PBXNativeTarget section */
		5CC79CA419F64F0000BD7F7F /* ListenTextChange */ = {
			isa = PBXNativeTarget;
			buildConfigurationList = 5CC79CC219F64F0000BD7F7F /* Build configuration list for PBXNativeTarget "ListenTextChange" */;
			buildPhases = (
				5CC79CA119F64F0000BD7F7F /* Sources */,
				5CC79CA219F64F0000BD7F7F /* Frameworks */,
				5CC79CA319F64F0000BD7F7F /* Resources */,
			);
			buildRules = (
			);
			dependencies = (
			);
			name = ListenTextChange;
			productName = ListenTextChange;
			productReference = 5CC79CA519F64F0000BD7F7F /* ListenTextChange.app */;
			productType = "com.apple.product-type.application";
		};
		5CC79CB719F64F0000BD7F7F /* ListenTextChangeTests */ = {
			isa = PBXNativeTarget;
			buildConfigurationList = 5CC79CC519F64F0000BD7F7F /* Build configuration list for PBXNativeTarget "ListenTextChangeTests" */;
			buildPhases = (
				5CC79CB419F64F0000BD7F7F /* Sources */,
				5CC79CB519F64F0000BD7F7F /* Frameworks */,
				5CC79CB619F64F0000BD7F7F /* Resources */,
			);
			buildRules = (
			);
			dependencies = (
				5CC79CBA19F64F0000BD7F7F /* PBXTargetDependency */,
			);
			name = ListenTextChangeTests;
			productName = ListenTextChangeTests;
			productReference = 5CC79CB819F64F0000BD7F7F /* ListenTextChangeTests.xctest */;
			productType = "com.apple.product-type.bundle.unit-test";
		};
/* End PBXNativeTarget section */

/* Begin PBXProject section */
		5CC79C9D19F64F0000BD7F7F /* Project object */ = {
			isa = PBXProject;
			attributes = {
				LastUpgradeCheck = 0600;
				ORGANIZATIONNAME = TGD;
				TargetAttributes = {
					5CC79CA419F64F0000BD7F7F = {
						CreatedOnToolsVersion = 6.0.1;
					};
					5CC79CB719F64F0000BD7F7F = {
						CreatedOnToolsVersion = 6.0.1;
						TestTargetID = 5CC79CA419F64F0000BD7F7F;
					};
				};
			};
			buildConfigurationList = 5CC79CA019F64F0000BD7F7F /* Build configuration list for PBXProject "ListenTextChange" */;
			compatibilityVersion = "Xcode 3.2";
			developmentRegion = English;
			hasScannedForEncodings = 0;
			knownRegions = (
				en,
				Base,
			);
			mainGroup = 5CC79C9C19F64F0000BD7F7F;
			productRefGroup = 5CC79CA619F64F0000BD7F7F /* Products */;
			projectDirPath = "";
			projectRoot = "";
			targets = (
				5CC79CA419F64F0000BD7F7F /* ListenTextChange */,
				5CC79CB719F64F0000BD7F7F /* ListenTextChangeTests */,
			);
		};
/* End PBXProject section */

/* Begin PBXResourcesBuildPhase section */
		5CC79CA319F64F0000BD7F7F /* Resources */ = {
			isa = PBXResourcesBuildPhase;
			buildActionMask = 2147483647;
			files = (
				5CC79CB019F64F0000BD7F7F /* Images.xcassets in Resources */,
				5CC79CB319F64F0000BD7F7F /* MainMenu.xib in Resources */,
			);
			runOnlyForDeploymentPostprocessing = 0;
		};
		5CC79CB619F64F0000BD7F7F /* Resources */ = {
			isa = PBXResourcesBuildPhase;
			buildActionMask = 2147483647;
			files = (
			);
			runOnlyForDeploymentPostprocessing = 0;
		};
/* End PBXResourcesBuildPhase section */

/* Begin PBXSourcesBuildPhase section */
		5CC79CA119F64F0000BD7F7F /* Sources */ = {
			isa = PBXSourcesBuildPhase;
			buildActionMask = 2147483647;
			files = (
				5CC79CAE19F64F0000BD7F7F /* AppDelegate.m in Sources */,
				5CC79CAB19F64F0000BD7F7F /* main.m in Sources */,
			);
			runOnlyForDeploymentPostprocessing = 0;
		};
		5CC79CB419F64F0000BD7F7F /* Sources */ = {
			isa = PBXSourcesBuildPhase;
			buildActionMask = 2147483647;
			files = (
				5CC79CBF19F64F0000BD7F7F /* ListenTextChangeTests.m in Sources */,
			);
			runOnlyForDeploymentPostprocessing = 0;
		};
/* End PBXSourcesBuildPhase section */

/* Begin PBXTargetDependency section */
		5CC79CBA19F64F0000BD7F7F /* PBXTargetDependency */ = {
			isa = PBXTargetDependency;
			target = 5CC79CA419F64F0000BD7F7F /* ListenTextChange */;
			targetProxy = 5CC79CB919F64F0000BD7F7F /* PBXContainerItemProxy */;
		};
/* End PBXTargetDependency section */

/* Begin PBXVariantGroup section */
		5CC79CB119F64F0000BD7F7F /* MainMenu.xib */ = {
			isa = PBXVariantGroup;
			children = (
				5CC79CB219F64F0000BD7F7F /* Base */,
			);
			name = MainMenu.xib;
			sourceTree = "<group>";
		};
/* End PBXVariantGroup section */

/* Begin XCBuildConfiguration section */
		5CC79CC019F64F0000BD7F7F /* Debug */ = {
			isa = XCBuildConfiguration;
			buildSettings = {
				ALWAYS_SEARCH_USER_PATHS = NO;
				CLANG_CXX_LANGUAGE_STANDARD = "gnu++0x";
				CLANG_CXX_LIBRARY = "libc++";
				CLANG_ENABLE_MODULES = YES;
				CLANG_ENABLE_OBJC_ARC = YES;
				CLANG_WARN_BOOL_CONVERSION = YES;
				CLANG_WARN_CONSTANT_CONVERSION = YES;
				CLANG_WARN_DIRECT_OBJC_ISA_USAGE = YES_ERROR;
				CLANG_WARN_EMPTY_BODY = YES;
				CLANG_WARN_ENUM_CONVERSION = YES;
				CLANG_WARN_INT_CONVERSION = YES;
				CLANG_WARN_OBJC_ROOT_CLASS = YES_ERROR;
				CLANG_WARN_UNREACHABLE_CODE = YES;
				CLANG_WARN__DUPLICATE_METHOD_MATCH = YES;
				CODE_SIGN_IDENTITY = "-";
				COPY_PHASE_STRIP = NO;
				ENABLE_STRICT_OBJC_MSGSEND = YES;
				GCC_C_LANGUAGE_STANDARD = gnu99;
				GCC_DYNAMIC_NO_PIC = NO;
				GCC_OPTIMIZATION_LEVEL = 0;
				GCC_PREPROCESSOR_DEFINITIONS = (
					"DEBUG=1",
					"$(inherited)",
				);
				GCC_SYMBOLS_PRIVATE_EXTERN = NO;
				GCC_WARN_64_TO_32_BIT_CONVERSION = YES;
				GCC_WARN_ABOUT_RETURN_TYPE = YES_ERROR;
				GCC_WARN_UNDECLARED_SELECTOR = YES;
				GCC_WARN_UNINITIALIZED_AUTOS = YES_AGGRESSIVE;
				GCC_WARN_UNUSED_FUNCTION = YES;
				GCC_WARN_UNUSED_VARIABLE = YES;
				MACOSX_DEPLOYMENT_TARGET = 10.9;
				MTL_ENABLE_DEBUG_INFO = YES;
				ONLY_ACTIVE_ARCH = YES;
				SDKROOT = macosx;
			};
			name = Debug;
		};
		5CC79CC119F64F0000BD7F7F /* Release */ = {
			isa = XCBuildConfiguration;
			buildSettings = {
				ALWAYS_SEARCH_USER_PATHS = NO;
				CLANG_CXX_LANGUAGE_STANDARD = "gnu++0x";
				CLANG_CXX_LIBRARY = "libc++";
				CLANG_ENABLE_MODULES = YES;
				CLANG_ENABLE_OBJC_ARC = YES;
				CLANG_WARN_BOOL_CONVERSION = YES;
				CLANG_WARN_CONSTANT_CONVERSION = YES;
				CLANG_WARN_DIRECT_OBJC_ISA_USAGE = YES_ERROR;
				CLANG_WARN_EMPTY_BODY = YES;
				CLANG_WARN_ENUM_CONVERSION = YES;
				CLANG_WARN_INT_CONVERSION = YES;
				CLANG_WARN_OBJC_ROOT_CLASS = YES_ERROR;
				CLANG_WARN_UNREACHABLE_CODE = YES;
				CLANG_WARN__DUPLICATE_METHOD_MATCH = YES;
				CODE_SIGN_IDENTITY = "-";
				COPY_PHASE_STRIP = YES;
				DEBUG_INFORMATION_FORMAT = "dwarf-with-dsym";
				ENABLE_NS_ASSERTIONS = NO;
				ENABLE_STRICT_OBJC_MSGSEND = YES;
				GCC_C_LANGUAGE_STANDARD = gnu99;
				GCC_WARN_64_TO_32_BIT_CONVERSION = YES;
				GCC_WARN_ABOUT_RETURN_TYPE = YES_ERROR;
				GCC_WARN_UNDECLARED_SELECTOR = YES;
				GCC_WARN_UNINITIALIZED_AUTOS = YES_AGGRESSIVE;
				GCC_WARN_UNUSED_FUNCTION = YES;
				GCC_WARN_UNUSED_VARIABLE = YES;
				MACOSX_DEPLOYMENT_TARGET = 10.9;
				MTL_ENABLE_DEBUG_INFO = NO;
				SDKROOT = macosx;
			};
			name = Release;
		};
		5CC79CC319F64F0000BD7F7F /* Debug */ = {
			isa = XCBuildConfiguration;
			buildSettings = {
				ASSETCATALOG_COMPILER_APPICON_NAME = AppIcon;
				COMBINE_HIDPI_IMAGES = YES;
				INFOPLIST_FILE = ListenTextChange/Info.plist;
				LD_RUNPATH_SEARCH_PATHS = "$(inherited) @executable_path/../Frameworks";
				PRODUCT_NAME = "$(TARGET_NAME)";
			};
			name = Debug;
		};
		5CC79CC419F64F0000BD7F7F /* Release */ = {
			isa = XCBuildConfiguration;
			buildSettings = {
				ASSETCATALOG_COMPILER_APPICON_NAME = AppIcon;
				COMBINE_HIDPI_IMAGES = YES;
				INFOPLIST_FILE = ListenTextChange/Info.plist;
				LD_RUNPATH_SEARCH_PATHS = "$(inherited) @executable_path/../Frameworks";
				PRODUCT_NAME = "$(TARGET_NAME)";
			};
			name = Release;
		};
		5CC79CC619F64F0000BD7F7F /* Debug */ = {
			isa = XCBuildConfiguration;
			buildSettings = {
				BUNDLE_LOADER = "$(TEST_HOST)";
				COMBINE_HIDPI_IMAGES = YES;
				FRAMEWORK_SEARCH_PATHS = (
					"$(DEVELOPER_FRAMEWORKS_DIR)",
					"$(inherited)",
				);
				GCC_PREPROCESSOR_DEFINITIONS = (
					"DEBUG=1",
					"$(inherited)",
				);
				INFOPLIST_FILE = ListenTextChangeTests/Info.plist;
				LD_RUNPATH_SEARCH_PATHS = "$(inherited) @executable_path/../Frameworks @loader_path/../Frameworks";
				PRODUCT_NAME = "$(TARGET_NAME)";
				TEST_HOST = "$(BUILT_PRODUCTS_DIR)/ListenTextChange.app/Contents/MacOS/ListenTextChange";
			};
			name = Debug;
		};
		5CC79CC719F64F0000BD7F7F /* Release */ = {
			isa = XCBuildConfiguration;
			buildSettings = {
				BUNDLE_LOADER = "$(TEST_HOST)";
				COMBINE_HIDPI_IMAGES = YES;
				FRAMEWORK_SEARCH_PATHS = (
					"$(DEVELOPER_FRAMEWORKS_DIR)",
					"$(inherited)",
				);
				INFOPLIST_FILE = ListenTextChangeTests/Info.plist;
				LD_RUNPATH_SEARCH_PATHS = "$(inherited) @executable_path/../Frameworks @loader_path/../Frameworks";
				PRODUCT_NAME = "$(TARGET_NAME)";
				TEST_HOST = "$(BUILT_PRODUCTS_DIR)/ListenTextChange.app/Contents/MacOS/ListenTextChange";
			};
			name = Release;
		};
/* End XCBuildConfiguration section */

/* Begin XCConfigurationList section */
		5CC79CA019F64F0000BD7F7F /* Build configuration list for PBXProject "ListenTextChange" */ = {
			isa = XCConfigurationList;
			buildConfigurations = (
				5CC79CC019F64F0000BD7F7F /* Debug */,
				5CC79CC119F64F0000BD7F7F /* Release */,
			);
			defaultConfigurationIsVisible = 0;
			defaultConfigurationName = Release;
		};
		5CC79CC219F64F0000BD7F7F /* Build configuration list for PBXNativeTarget "ListenTextChange" */ = {
			isa = XCConfigurationList;
			buildConfigurations = (
				5CC79CC319F64F0000BD7F7F /* Debug */,
				5CC79CC419F64F0000BD7F7F /* Release */,
			);
			defaultConfigurationIsVisible = 0;
		};
		5CC79CC519F64F0000BD7F7F /* Build configuration list for PBXNativeTarget "ListenTextChangeTests" */ = {
			isa = XCConfigurationList;
			buildConfigurations = (
				5CC79CC619F64F0000BD7F7F /* Debug */,
				5CC79CC719F64F0000BD7F7F /* Release */,
			);
			defaultConfigurationIsVisible = 0;
		};
/* End XCConfigurationList section */
	};
	rootObject = 5CC79C9D19F64F0000BD7F7F /* Project object */;
}
